
Microsoft Visual Studio Solution File, Format Version 12.00
# Visual Studio Version 17
VisualStudioVersion = 17.10.34916.146
MinimumVisualStudioVersion = 10.0.40219.1
Project("{9A19103F-16F7-4668-BE54-9A1E7A4F7556}") = "prac2", "prac2\prac2.csproj", "{1D2C430C-8F0B-400C-9787-D298DC545720}"
EndProject
Project("{9A19103F-16F7-4668-BE54-9A1E7A4F7556}") = "MasEditor", "MasEditor\MasEditor.csproj", "{C3C74E7C-1343-40D3-A751-E07B797A9885}"
EndProject
Project("{FAE04EC0-301F-11D3-BF4B-00C04F79EFBC}") = "LibCalc", "LibCalc\LibCalc.csproj", "{1323D0F8-E6C3-4D35-A747-5C9C469AA2CA}"
EndProject
Global
	GlobalSection(SolutionConfigurationPlatforms) = preSolution
		Debug|Any CPU = Debug|Any CPU
		Release|Any CPU = Release|Any CPU
	EndGlobalSection
	GlobalSection(ProjectConfigurationPlatforms) = postSolution
		{1D2C430C-8F0B-400C-9787-D298DC545720}.Debug|Any CPU.ActiveCfg = Debug|Any CPU
		{1D2C430C-8F0B-400C-9787-D298DC545720}.Debug|Any CPU.Build.0 = Debug|Any CPU
		{1D2C430C-8F0B-400C-9787-D298DC545720}.Release|Any CPU.ActiveCfg = Release|Any CPU
		{1D2C430C-8F0B-400C-9787-D298DC545720}.Release|Any CPU.Build.0 = Release|Any CPU
		{C3C74E7C-1343-40D3-A751-E07B797A9885}.Debug|Any CPU.ActiveCfg = Debug|Any CPU
		{C3C74E7C-1343-40D3-A751-E07B797A9885}.Debug|Any CPU.Build.0 = Debug|Any CPU
		{C3C74E7C-1343-40D3-A751-E07B797A9885}.Release|Any CPU.ActiveCfg = Release|Any CPU
		{C3C74E7C-1343-40D3-A751-E07B797A9885}.Release|Any CPU.Build.0 = Release|Any CPU
		{1323D0F8-E6C3-4D35-A747-5C9C469AA2CA}.Debug|Any CPU.ActiveCfg = Debug|Any CPU
		{1323D0F8-E6C3-4D35-A747-5C9C469AA2CA}.Debug|Any CPU.Build.0 = Debug|Any CPU
		{1323D0F8-E6C3-4D35-A747-5C9C469AA2CA}.Release|Any CPU.ActiveCfg = Release|Any CPU
		{1323D0F8-E6C3-4D35-A747-5C9C469AA2CA}.Release|Any CPU.Build.0 = Release|Any CPU
	EndGlobalSection
	GlobalSection(SolutionProperties) = preSolution
		HideSolutionNode = FALSE
	EndGlobalSection
	GlobalSection(ExtensibilityGlobals) = postSolution
		SolutionGuid = {149A930F-1FB7-4101-B4BA-064413C560E2}
	EndGlobalSection
EndGlobal
